<?xml version="1.0" encoding="utf-8"?>
<Project ToolsVersion="4.0" xmlns="http://schemas.microsoft.com/developer/msbuild/2003">
  <ItemGroup>
    <ClCompile Include="main.cpp" />
    <ClCompile Include="stdafx.cpp" />
    <ClCompile Include="uselib\jwt\TestToken.cpp" />
    <ClCompile Include="service\bank-account\BankAccountService.cpp" />
    <ClCompile Include="service\public-interface\areaService.cpp" />
    <ClCompile Include="service\public-interface\BasBankAccountService.cpp" />
    <ClCompile Include="service\public-interface\BasWareHouseTreeService.cpp" />
    <ClCompile Include="service\public-interface\BillStageService.cpp" />
    <ClCompile Include="service\public-interface\CurrencyTypeService.cpp" />
    <ClCompile Include="service\public-interface\DeliveryMethodTypeService.cpp" />
    <ClCompile Include="service\public-interface\DepartNameService.cpp" />
    <ClCompile Include="service\public-interface\InvoiceMethodService.cpp" />
    <ClCompile Include="service\public-interface\InvoiceTypeService.cpp" />
    <ClCompile Include="service\public-interface\MaterialService.cpp" />
    <ClCompile Include="service\public-interface\MaterialTypeService.cpp" />
    <ClCompile Include="service\public-interface\MaterialTypeTreeService.cpp" />
    <ClCompile Include="service\public-interface\PayMethodTypeService.cpp" />
    <ClCompile Include="service\public-interface\PurTypeService.cpp" />
    <ClCompile Include="service\public-interface\SettleMethodService.cpp" />
    <ClCompile Include="service\public-interface\TaxRateService.cpp" />
    <ClCompile Include="service\public-interface\TaxScaleService.cpp" />
    <ClCompile Include="service\public-interface\TransportMethodService.cpp" />
    <ClCompile Include="service\public-interface\UserChoiceService.cpp" />
    <ClCompile Include="service\public-interface\WarehouseService.cpp" />
    <ClCompile Include="service\supplier\service-supplier-satan\SupplierServiceSatan.cpp" />
    <ClCompile Include="service\supplier\ExportSupplierService.cpp" />
    <ClCompile Include="service\supplier\ImportSupplierService.cpp" />
    <ClCompile Include="service\supplier\SupplierCategoryService.cpp" />
    <ClCompile Include="service\supplier\SupplierLevelService.cpp" />
    <ClCompile Include="service\supplier\SupplierQueryCriteriaService.cpp" />
    <ClCompile Include="service\supplier\SuppliersNameService.cpp" />
    <ClCompile Include="domain\dto\bank-account\BankAccountDTO.cpp" />
    <ClCompile Include="domain\dto\supplier\AddSupplierDTO.cpp" />
    <ClCompile Include="domain\dto\supplier\DeleteSupplierDTO.cpp" />
    <ClCompile Include="domain\dto\supplier\ModifySupplierDTO.cpp" />
    <ClCompile Include="domain\vo\ResultStatus.cpp" />
    <ClCompile Include="dao\bank-account\BankAccountDAO.cpp" />
    <ClCompile Include="dao\bank-account\BankAccountFunctionDAO.cpp" />
    <ClCompile Include="dao\bank-account\ExportAccountDAO.cpp" />
    <ClCompile Include="dao\bank-account\ImportAccountDAO.cpp" />
    <ClCompile Include="dao\public-interface\areaDAO.cpp" />
    <ClCompile Include="dao\public-interface\BasBankAccountDAO.cpp" />
    <ClCompile Include="dao\public-interface\BasWareHouseTreeDAO.cpp" />
    <ClCompile Include="dao\public-interface\BillStageDAO.cpp" />
    <ClCompile Include="dao\public-interface\CurrencyTypeDAO.cpp" />
    <ClCompile Include="dao\public-interface\DeliveryMethodTypeDAO.cpp" />
    <ClCompile Include="dao\public-interface\DepartNameDAO.cpp" />
    <ClCompile Include="dao\public-interface\InvoiceMethodDao.cpp" />
    <ClCompile Include="dao\public-interface\InvoiceTypeDao.cpp" />
    <ClCompile Include="dao\public-interface\MaterialDAO.cpp" />
    <ClCompile Include="dao\public-interface\MaterialTypeDAO.cpp" />
    <ClCompile Include="dao\public-interface\MaterialTypeTreeDAO.cpp" />
    <ClCompile Include="dao\public-interface\PayMethodTypeDAO.cpp" />
    <ClCompile Include="dao\public-interface\PurTypeDAO.cpp" />
    <ClCompile Include="dao\public-interface\SettleMethodDao.cpp" />
    <ClCompile Include="dao\public-interface\TaxRateDAO.cpp" />
    <ClCompile Include="dao\public-interface\TaxScaleDAO.cpp" />
    <ClCompile Include="dao\public-interface\TransportMethodDao.cpp" />
    <ClCompile Include="dao\public-interface\UserChoiceDAO.cpp" />
    <ClCompile Include="dao\public-interface\WarehouseDAO.cpp" />
    <ClCompile Include="dao\supplier\supplier-satan\SupplierDAO.cpp" />
    <ClCompile Include="dao\supplier\ExportSupplierDAO.cpp" />
    <ClCompile Include="dao\supplier\ImportSupplierDAO.cpp" />
    <ClCompile Include="dao\supplier\SupplierCategoryDAO.cpp" />
    <ClCompile Include="dao\supplier\SupplierLevelDAO.cpp" />
    <ClCompile Include="dao\supplier\SupplierQueryCriteriaDAO.cpp" />
    <ClCompile Include="dao\supplier\SuppliersNameDAO.cpp" />
    <ClCompile Include="service\bank-account\AddAccountService.cpp" />
    <ClCompile Include="service\bank-account\DeleteAccountService.cpp" />
    <ClCompile Include="service\bank-account\ExportAccountService.cpp" />
    <ClCompile Include="service\bank-account\ImportAccountService.cpp" />
    <ClCompile Include="service\bank-account\ModifyAccountService.cpp" />
    <ClCompile Include="api\bank-account\AddAccountController.cpp" />
    <ClCompile Include="api\bank-account\BankAccountController.cpp" />
    <ClCompile Include="api\bank-account\BasBankAccountController.cpp" />
    <ClCompile Include="api\bank-account\DeleteAccountController.cpp" />
    <ClCompile Include="api\bank-account\EditAccountController.cpp" />
    <ClCompile Include="api\bank-account\ExportAccountController.cpp" />
    <ClCompile Include="api\bank-account\ImportAccountController.cpp" />
    <ClCompile Include="api\bank-account\IsEnabledController.cpp" />
    <ClCompile Include="api\public-interface\areaController.cpp" />
    <ClCompile Include="api\public-interface\BasWareHouseTreeListController.cpp" />
    <ClCompile Include="api\public-interface\BillStageController.cpp" />
    <ClCompile Include="api\public-interface\CreateReceiptController.cpp" />
    <ClCompile Include="api\public-interface\CurrencyTypeController.cpp" />
    <ClCompile Include="api\public-interface\DeliveryMethodController.cpp" />
    <ClCompile Include="api\public-interface\DeliveryTypeController.cpp" />
    <ClCompile Include="api\public-interface\DepartChoiceController.cpp" />
    <ClCompile Include="api\public-interface\InvoiceMethodController.cpp" />
    <ClCompile Include="api\public-interface\InvoiceTypeController.cpp" />
    <ClCompile Include="api\public-interface\MaterialQueryController.cpp" />
    <ClCompile Include="api\public-interface\MaterialTypeController.cpp" />
    <ClCompile Include="api\public-interface\MaterialTypeTreeListController.cpp" />
    <ClCompile Include="api\public-interface\PayMethodController.cpp" />
    <ClCompile Include="api\public-interface\PurTypeController.cpp" />
    <ClCompile Include="api\public-interface\SettleMethodController.cpp" />
    <ClCompile Include="api\public-interface\TaxRateController.cpp" />
    <ClCompile Include="api\public-interface\TaxScaleController.cpp" />
    <ClCompile Include="api\public-interface\TransportMethodController.cpp" />
    <ClCompile Include="api\public-interface\UserChoiceController.cpp" />
    <ClCompile Include="api\public-interface\WarehouseController.cpp" />
    <ClCompile Include="api\supplier\ExportSupplierController.cpp" />
    <ClCompile Include="api\supplier\ImportSupplierController.cpp" />
    <ClCompile Include="api\supplier\SupplierCategoryController.cpp" />
    <ClCompile Include="api\supplier\SupplierController.cpp" />
    <ClCompile Include="api\supplier\SupplierLevelController.cpp" />
    <ClCompile Include="api\supplier\SupplierQueryCriteriaController.cpp" />
    <ClCompile Include="api\supplier\SuppliersNameController.cpp" />
    <ClCompile Include="api\supplier\SuppliersNomalQueryController.cpp" />
    <ClCompile Include="api\Aspect.cpp" />
    <ClCompile Include="api\Router.cpp" />
  </ItemGroup>
  <ItemGroup>
    <ClInclude Include="domain\do\publicInterfaceDO\areaDO.h" />
    <ClInclude Include="domain\vo\qiuqiu\MaterialType.h" />
    <ClInclude Include="Macros.h" />
    <ClInclude Include="ServerInfo.h" />
    <ClInclude Include="service\bankAccountService\temp.h" />
    <ClInclude Include="service\publicInterfaceService\temp.h" />
    <ClInclude Include="service\supplierService\temp.h" />
    <ClInclude Include="stdafx.h" />
    <ClInclude Include="uselib\jwt\TestToken.h" />
    <ClInclude Include="dao\publicInterfaceDao\UserChoiceDAO.h" />
    <ClInclude Include="dao\bankAccountDao\ImportAccountDAO.h" />
    <ClInclude Include="service\bank-account\BankAccountService.h" />
    <ClInclude Include="service\public-interface\areaService.h" />
    <ClInclude Include="service\public-interface\BasBankAccountService.h" />
    <ClInclude Include="service\public-interface\BasWareHouseTreeService.h" />
    <ClInclude Include="service\public-interface\BillStageService.h" />
    <ClInclude Include="service\public-interface\CurrencyTypeService.h" />
    <ClInclude Include="service\public-interface\DeliveryMethodTypeService.h" />
    <ClInclude Include="service\public-interface\DepartNameService.h" />
    <ClInclude Include="service\public-interface\InvoiceMethodService.h" />
    <ClInclude Include="service\public-interface\InvoiceTypeService.h" />
    <ClInclude Include="service\public-interface\MaterialService.h" />
    <ClInclude Include="service\public-interface\MaterialTypeService.h" />
    <ClInclude Include="service\public-interface\MaterialTypeTreeService.h" />
    <ClInclude Include="service\public-interface\PayMethodTypeService.h" />
    <ClInclude Include="service\public-interface\PurTypeService.h" />
    <ClInclude Include="service\public-interface\SettleMethodService.h" />
    <ClInclude Include="service\public-interface\TaxRateService.h" />
    <ClInclude Include="service\public-interface\TaxScaleService.h" />
    <ClInclude Include="service\public-interface\TransportMethodService.h" />
    <ClInclude Include="service\public-interface\UserChoiceService.h" />
    <ClInclude Include="service\public-interface\WarehouseService.h" />
    <ClInclude Include="service\supplier\service-supplier-satan\SupplierServiceSatan.h" />
    <ClInclude Include="service\supplier\ExportSupplierService.h" />
    <ClInclude Include="service\supplier\ImportSupplierService.h" />
    <ClInclude Include="service\supplier\SupplierCategoryService.h" />
    <ClInclude Include="service\supplier\SupplierLevelService.h" />
    <ClInclude Include="service\supplier\SupplierQueryCriteriaService.h" />
    <ClInclude Include="service\supplier\SuppliersNameService.h" />
    <ClInclude Include="domain\do\bank-account\BankAccountDO.h" />
    <ClInclude Include="domain\do\bank-account\BankAccountFunctionDO.h" />
    <ClInclude Include="domain\do\bank-account\ExportAccountDO.h" />
    <ClInclude Include="domain\do\bank-account\ImportAccountDO.h" />
    <ClInclude Include="domain\do\public-interface\AreaQueryDO.h" />
    <ClInclude Include="domain\do\public-interface\AreaReturnDO.h" />
    <ClInclude Include="domain\do\public-interface\BasBankAccountDO.h" />
    <ClInclude Include="domain\do\public-interface\BasWareHouseTreeDO.h" />
    <ClInclude Include="domain\do\public-interface\BillStageDO.h" />
    <ClInclude Include="domain\do\public-interface\CurrencyTypeDO.h" />
    <ClInclude Include="domain\do\public-interface\DeliveryMethodTypeDO.h" />
    <ClInclude Include="domain\do\public-interface\DepartQueryDO.h" />
    <ClInclude Include="domain\do\public-interface\DepartReturnDO.h" />
    <ClInclude Include="domain\do\public-interface\InvoiceMethodDo.h" />
    <ClInclude Include="domain\do\public-interface\InvoiceTypeDo.h" />
    <ClInclude Include="domain\do\public-interface\MaterialDO.h" />
    <ClInclude Include="domain\do\public-interface\MaterialQueryDO.h" />
    <ClInclude Include="domain\do\public-interface\MaterialReturnDO.h" />
    <ClInclude Include="domain\do\public-interface\MaterialTypeDO.h" />
    <ClInclude Include="domain\do\public-interface\MaterialTypeTreeDO.h" />
    <ClInclude Include="domain\do\public-interface\PayMethodTypeDO.h" />
    <ClInclude Include="domain\do\public-interface\PurTypeDO.h" />
    <ClInclude Include="domain\do\public-interface\SettleMethodDo.h" />
    <ClInclude Include="domain\do\public-interface\SuppliersNameDO.h" />
    <ClInclude Include="domain\do\public-interface\TaxRateDO.h" />
    <ClInclude Include="domain\do\public-interface\TaxScaleDO.h" />
    <ClInclude Include="domain\do\public-interface\TransportMethodDo.h" />
    <ClInclude Include="domain\do\public-interface\UserChoiceQueryDO.h" />
    <ClInclude Include="domain\do\public-interface\UserChoiceReturnDO.h" />
    <ClInclude Include="domain\do\public-interface\UserDO.h" />
    <ClInclude Include="domain\do\public-interface\WarehouseDO.h" />
    <ClInclude Include="domain\do\supplier\ExportSupplierDO.h" />
    <ClInclude Include="domain\do\supplier\ImportSupplierDO.h" />
    <ClInclude Include="domain\do\supplier\SupplierCategoryDO.h" />
    <ClInclude Include="domain\do\supplier\SupplierCategoryReturnDO.h" />
    <ClInclude Include="domain\do\supplier\SupplierDO.h" />
    <ClInclude Include="domain\do\supplier\SupplierLevelDO.h" />
    <ClInclude Include="domain\do\supplier\SupplierQueryCriteriaDO.h" />
    <ClInclude Include="domain\do\DoInclude.h" />
    <ClInclude Include="domain\dto\bank-account\BankAccountDTO.h" />
    <ClInclude Include="domain\dto\public-interface\CreateReceiptDTO.h" />
    <ClInclude Include="domain\dto\supplier\AddSupplierDTO.h" />
    <ClInclude Include="domain\dto\supplier\DeleteSupplierDTO.h" />
    <ClInclude Include="domain\dto\supplier\ModifySupplierDTO.h" />
    <ClInclude Include="domain\dto\FileDTO.h" />
    <ClInclude Include="domain\dto\IDDTO.h" />
    <ClInclude Include="domain\query\bank-account\BankAccountQuery.h" />
    <ClInclude Include="domain\query\bank-account\ExportAccountQuery.h" />
    <ClInclude Include="domain\query\bank-account\SpecifiedBankAccountQuery.h" />
    <ClInclude Include="domain\query\public-interface\AreaQuery.h" />
    <ClInclude Include="domain\query\public-interface\BasWareHouseItemQuery.h" />
    <ClInclude Include="domain\query\public-interface\DepartNameQuery.h" />
    <ClInclude Include="domain\query\public-interface\MaterialQuery.h" />
    <ClInclude Include="domain\query\public-interface\MaterialTypeItemQuery.h" />
    <ClInclude Include="domain\query\public-interface\UserQuery.h" />
    <ClInclude Include="domain\query\supplier\AdvancedQuery.h" />
    <ClInclude Include="domain\query\supplier\ExportSupplierQuery.h" />
    <ClInclude Include="domain\query\supplier\SpecifiedSupplierDataQuery.h" />
    <ClInclude Include="domain\query\supplier\SupplierCategoryQuery.h" />
    <ClInclude Include="domain\query\supplier\SuppliersNomalQuery.h" />
    <ClInclude Include="domain\query\PageQuery.h" />
    <ClInclude Include="domain\vo\bank-account\BankAccountListVO.h" />
    <ClInclude Include="domain\vo\bank-account\BasBankAccountVO.h" />
    <ClInclude Include="domain\vo\bank-account\IsEnabledVO.h" />
    <ClInclude Include="domain\vo\bank-account\SpecifiedBankAccountListVO.h" />
    <ClInclude Include="domain\vo\bank-account\SysUserVO.h" />
    <ClInclude Include="domain\vo\public-interface\AreaVO.h" />
    <ClInclude Include="domain\vo\public-interface\BasWareHouseTreeListVO.h" />
    <ClInclude Include="domain\vo\public-interface\BillStageVO.h" />
    <ClInclude Include="domain\vo\public-interface\CreateReceiptVO.h" />
    <ClInclude Include="domain\vo\public-interface\CurrencyTypeVO.h" />
    <ClInclude Include="domain\vo\public-interface\DeliveryMethodVO.h" />
    <ClInclude Include="domain\vo\public-interface\DeliveryTypeVO.h" />
    <ClInclude Include="domain\vo\public-interface\DepartVO.h" />
    <ClInclude Include="domain\vo\public-interface\InvoiceMethodVO.h" />
    <ClInclude Include="domain\vo\public-interface\InvoiceTypeVO.h" />
    <ClInclude Include="domain\vo\public-interface\MaterialTypeTreeListVO.h" />
    <ClInclude Include="domain\vo\public-interface\MaterialTypeVO.h" />
    <ClInclude Include="domain\vo\public-interface\MaterialVO.h" />
    <ClInclude Include="domain\vo\public-interface\PayMethodTypeVO.h" />
    <ClInclude Include="domain\vo\public-interface\PurTypeVO.h" />
    <ClInclude Include="domain\vo\public-interface\SettleMethodVO.h" />
    <ClInclude Include="domain\vo\public-interface\TaxRateVO.h" />
    <ClInclude Include="domain\vo\public-interface\TaxScaleVO.h" />
    <ClInclude Include="domain\vo\public-interface\TransportMethodVO.h" />
    <ClInclude Include="domain\vo\public-interface\UserVO.h" />
    <ClInclude Include="domain\vo\public-interface\WarehouseVO.h" />
    <ClInclude Include="domain\vo\supplier\AdvancedQueryVO.h" />
    <ClInclude Include="domain\vo\supplier\SpecifiedSupplierDataQueryVO.h" />
    <ClInclude Include="domain\vo\supplier\SupplierCategoryVO.h" />
    <ClInclude Include="domain\vo\supplier\SupplierLevelVO.h" />
    <ClInclude Include="domain\vo\supplier\SupplierQueryCriteriaVO.h" />
    <ClInclude Include="domain\vo\supplier\SuppliersInfoVo.h" />
    <ClInclude Include="domain\vo\supplier\SuppliersNameVO.h" />
    <ClInclude Include="domain\vo\JsonVO.h" />
    <ClInclude Include="domain\vo\Message.h" />
    <ClInclude Include="domain\vo\PageVO.h" />
    <ClInclude Include="domain\vo\ResultStatus.h" />
    <ClInclude Include="domain\GlobalInclude.h" />
    <ClInclude Include="dao\bank-account\BankAccountDAO.h" />
    <ClInclude Include="dao\bank-account\BankAccountFunctionDAO.h" />
    <ClInclude Include="dao\bank-account\BankAccountMapper.h" />
    <ClInclude Include="dao\bank-account\ExportAccountDAO.h" />
    <ClInclude Include="dao\bank-account\ExportAccountMapper.h" />
    <ClInclude Include="dao\bank-account\ImportAccountDAO.h" />
    <ClInclude Include="dao\public-interface\areaDAO.h" />
    <ClInclude Include="dao\public-interface\areaMapper.h" />
    <ClInclude Include="dao\public-interface\BasBankAccountDAO.h" />
    <ClInclude Include="dao\public-interface\BasBankAccountMapper.h" />
    <ClInclude Include="dao\public-interface\BasWareHouseTreeDAO.h" />
    <ClInclude Include="dao\public-interface\BasWareHouseTreeMapper.h" />
    <ClInclude Include="dao\public-interface\BillStageDAO.h" />
    <ClInclude Include="dao\public-interface\BillStageMapper.h" />
    <ClInclude Include="dao\public-interface\CurrencyTypeDAO.h" />
    <ClInclude Include="dao\public-interface\CurrencyTypeMapper.h" />
    <ClInclude Include="dao\public-interface\DeliveryMethodTypeDAO.h" />
    <ClInclude Include="dao\public-interface\DeliveryMethodTypeMapper.h" />
    <ClInclude Include="dao\public-interface\DepartNameDAO.h" />
    <ClInclude Include="dao\public-interface\DepartNameMapper.h" />
    <ClInclude Include="dao\public-interface\InvoiceMethodDao.h" />
    <ClInclude Include="dao\public-interface\InvoiceMethodMapper.h" />
    <ClInclude Include="dao\public-interface\InvoiceTypeDao.h" />
    <ClInclude Include="dao\public-interface\InvoiceTypeMapper.h" />
    <ClInclude Include="dao\public-interface\MaterialDAO.h" />
    <ClInclude Include="dao\public-interface\MaterialMapper.h" />
    <ClInclude Include="dao\public-interface\MaterialTypeDAO.h" />
    <ClInclude Include="dao\public-interface\MaterialTypeMapper.h" />
    <ClInclude Include="dao\public-interface\MaterialTypeTreeDAO.h" />
    <ClInclude Include="dao\public-interface\MaterialTypeTreeMapper.h" />
    <ClInclude Include="dao\public-interface\PayMethodTypeDAO.h" />
    <ClInclude Include="dao\public-interface\PayMethodTypeMapper.h" />
    <ClInclude Include="dao\public-interface\PurTypeDAO.h" />
    <ClInclude Include="dao\public-interface\PurTypeMapper.h" />
    <ClInclude Include="dao\public-interface\SettleMethodDao.h" />
    <ClInclude Include="dao\public-interface\SettleMethodMapper.h" />
    <ClInclude Include="dao\public-interface\TaxRateDAO.h" />
    <ClInclude Include="dao\public-interface\TaxRateMapper.h" />
    <ClInclude Include="dao\public-interface\TaxScaleDAO.h" />
    <ClInclude Include="dao\public-interface\TaxScaleMapper.h" />
    <ClInclude Include="dao\public-interface\TransportMethodDao.h" />
    <ClInclude Include="dao\public-interface\TransportMethodMapper.h" />
    <ClInclude Include="dao\public-interface\UserChoiceDAO.h" />
    <ClInclude Include="dao\public-interface\UserChoiceMapper.h" />
    <ClInclude Include="dao\public-interface\WarehouseDAO.h" />
    <ClInclude Include="dao\public-interface\WarehouseMapper.h" />
    <ClInclude Include="dao\supplier\supplier-satan\SupplierAdvancedMapper.h" />
    <ClInclude Include="dao\supplier\supplier-satan\SupplierDAO.h" />
    <ClInclude Include="dao\supplier\supplier-satan\SupplierSpecificMapper.h" />
    <ClInclude Include="dao\supplier\ExportSupplierDAO.h" />
    <ClInclude Include="dao\supplier\ExportSupplierMapper.h" />
    <ClInclude Include="dao\supplier\ImportSupplierDAO.h" />
    <ClInclude Include="dao\supplier\SupplierCategoryDAO.h" />
    <ClInclude Include="dao\supplier\SupplierCategoryMapper.h" />
    <ClInclude Include="dao\supplier\SupplierLevelDAO.h" />
    <ClInclude Include="dao\supplier\SupplierLevelMapper.h" />
    <ClInclude Include="dao\supplier\SupplierQueryCriteriaDAO.h" />
    <ClInclude Include="dao\supplier\SupplierQueryCriteriaMapper.h" />
    <ClInclude Include="dao\supplier\SuppliersNameDAO.h" />
    <ClInclude Include="dao\supplier\SuppliersNameMapper.h" />
    <ClInclude Include="service\bank-account\AddAccountService.h" />
    <ClInclude Include="service\bank-account\DeleteAccountService.h" />
    <ClInclude Include="service\bank-account\ExportAccountService.h" />
    <ClInclude Include="service\bank-account\ImportAccountService.h" />
    <ClInclude Include="service\bank-account\ModifyAccountService.h" />
    <ClInclude Include="api\bank-account\AddAccountController.h" />
    <ClInclude Include="api\bank-account\BankAccountController.h" />
    <ClInclude Include="api\bank-account\BasBankAccountController.h" />
    <ClInclude Include="api\bank-account\DeleteAccountController.h" />
    <ClInclude Include="api\bank-account\EditAccountController.h" />
    <ClInclude Include="api\bank-account\ExportAccountController.h" />
    <ClInclude Include="api\bank-account\ImportAccountController.h" />
    <ClInclude Include="api\bank-account\IsEnabledController.h" />
    <ClInclude Include="api\public-interface\areaController.h" />
    <ClInclude Include="api\public-interface\BasWareHouseTreeListController.h" />
    <ClInclude Include="api\public-interface\BillStageController.h" />
    <ClInclude Include="api\public-interface\CreateReceiptController.h" />
    <ClInclude Include="api\public-interface\CurrencyTypeController.h" />
    <ClInclude Include="api\public-interface\DeliveryMethodController.h" />
    <ClInclude Include="api\public-interface\DeliveryTypeController.h" />
    <ClInclude Include="api\public-interface\DepartChoiceController.h" />
    <ClInclude Include="api\public-interface\InvoiceMethodController.h" />
    <ClInclude Include="api\public-interface\InvoiceTypeController.h" />
    <ClInclude Include="api\public-interface\MaterialQueryController.h" />
    <ClInclude Include="api\public-interface\MaterialTypeController.h" />
    <ClInclude Include="api\public-interface\MaterialTypeTreeListController.h" />
    <ClInclude Include="api\public-interface\PayMethodController.h" />
    <ClInclude Include="api\public-interface\PurTypeController.h" />
    <ClInclude Include="api\public-interface\SettleMethodController.h" />
    <ClInclude Include="api\public-interface\TaxRateController.h" />
    <ClInclude Include="api\public-interface\TaxScaleController.h" />
    <ClInclude Include="api\public-interface\TransportMethodController.h" />
    <ClInclude Include="api\public-interface\UserChoiceController.h" />
    <ClInclude Include="api\public-interface\WarehouseController.h" />
    <ClInclude Include="api\supplier\ExportSupplierController.h" />
    <ClInclude Include="api\supplier\ImportSupplierController.h" />
    <ClInclude Include="api\supplier\SupplierCategoryController.h" />
    <ClInclude Include="api\supplier\SupplierController.h" />
    <ClInclude Include="api\supplier\SupplierLevelController.h" />
    <ClInclude Include="api\supplier\SupplierQueryCriteriaController.h" />
    <ClInclude Include="api\supplier\SuppliersNameController.h" />
    <ClInclude Include="api\supplier\SuppliersNomalQueryController.h" />
    <ClInclude Include="api\Router.h" />
    <ClInclude Include="domain\do\supplier\SupplierCategoryQuery.h" />
  </ItemGroup>
</Project>