<?xml version="1.0" encoding="utf-8"?>
<Project ToolsVersion="4.0" xmlns="http://schemas.microsoft.com/developer/msbuild/2003">
  <ItemGroup>
    <ClCompile Include="api\Aspect.cpp" />
    <ClCompile Include="api\payment\PaymentController.cpp" />
    <ClCompile Include="api\prepayment\PrePayController.cpp" />
    <ClCompile Include="api\purReq\PurReqController.cpp" />
    <ClCompile Include="api\purCom\PurComController.cpp" />
    <ClCompile Include="api\purOrder\PurOrderController.cpp" />
    <ClCompile Include="api\Router.cpp" />
    <ClCompile Include="dao\payment\PaymentDAO.cpp" />
    <ClCompile Include="dao\prepayment\PrepaymentDAO.cpp" />
    <ClCompile Include="dao\purCom\PurComDAO.cpp" />
    <ClCompile Include="dao\purOrder\PurOrderDAO.cpp" />
    <ClCompile Include="dao\purQuot\PurQuotDAO.cpp" />
    <ClCompile Include="domain\dto\payment\AddPaymentDTO.cpp" />
    <ClCompile Include="domain\dto\payment\DePaymentDTO.cpp" />
    <ClCompile Include="domain\dto\payment\PaymentChangeDTO.cpp" />
    <ClCompile Include="domain\dto\prepayment\DePayDTO.cpp" />
    <ClCompile Include="domain\dto\prepayment\PayModBillStatusDTO.cpp" />
    <ClCompile Include="domain\dto\prepayment\PrepaymentDTO.cpp" />
    <ClCompile Include="domain\dto\purOrder1\PurOrderDTO.cpp" />
    <ClCompile Include="domain\vo\ResultStatus.cpp" />
    <ClCompile Include="main.cpp" />
    <ClCompile Include="service\payment\PaymentService.cpp" />
    <ClCompile Include="service\prepayment\PrePayService.cpp" />
    <ClCompile Include="service\purCom\PurComService.cpp" />
    <ClCompile Include="service\purOrder\PurOrderService.cpp" />
    <ClCompile Include="service\purReq\PurReqService.cpp" />
    <ClCompile Include="stdafx.cpp" />
    <ClCompile Include="domain\dto\purOrder1\PurOrderEntryDTO.cpp" />
    <ClCompile Include="dao\purReq\PurReqDAO.cpp" />
    <ClCompile Include="dao\purOrder\PurOrderEntryDAO.cpp" />
    <ClCompile Include="api\finPaymenReq\FinPaymentReqController.cpp" />
    <ClCompile Include="service\finPaymentReq\FinPyamentReqService.cpp" />
    <ClCompile Include="dao\finPaymentReq\FinPaymentReqDAO.cpp" />
    <ClCompile Include="uselib\jwt\TestToken.cpp" />
  </ItemGroup>
  <ItemGroup>
    <ClInclude Include="api\payment\PaymentController.h" />
    <ClInclude Include="api\prepayment\PrePayController.h" />
    <ClInclude Include="api\purReq\PurReqController.h" />
    <ClInclude Include="api\purCom\PurComController.h" />
    <ClInclude Include="api\purOrder\PurOrderController.h" />
    <ClInclude Include="api\Router.h" />
    <ClInclude Include="api\statis\StatisController.h" />
    <ClInclude Include="dao\DoInclude.h" />
    <ClInclude Include="dao\payment\PaymentDAO.h" />
    <ClInclude Include="dao\payment\PaymentMapper.h" />
    <ClInclude Include="dao\prepayment\PrepaymentDAO.h" />
    <ClInclude Include="dao\prepayment\PrepaymentDetailMapper.h" />
    <ClInclude Include="dao\prepayment\PrepaymentMapper.h" />
    <ClInclude Include="dao\purCom\PurComDAO.h" />
    <ClInclude Include="dao\purCom\PurComMapper.h" />
    <ClInclude Include="dao\purOrder\PurOrderDAO.h" />
    <ClInclude Include="dao\purOrder\PurOrderMapper.h" />
    <ClInclude Include="dao\purQuot\PurQuotDAO.h" />
    <ClInclude Include="dao\purQuot\PurQuotMapper.h" />
    <ClInclude Include="domain\do\DoInclude.h" />
    <ClInclude Include="domain\do\FinPaymentReq\FinPaymentReq.h" />
    <ClInclude Include="domain\do\FinPayReq\FinPayReqDO.h" />
    <ClInclude Include="domain\do\prepayment\PrepaymentDetailDO.h" />
    <ClInclude Include="domain\do\prepayment\PrepaymentDO.h" />
    <ClInclude Include="domain\do\PurCompare\PurCompare.h" />
    <ClInclude Include="domain\do\PurCom\PurComDO.h" />
    <ClInclude Include="domain\do\PurCom\PurComEntryDO.h" />
    <ClInclude Include="domain\do\PurInquiry\PurInquiryDO.h" />
    <ClInclude Include="domain\do\PurInquiry\PurInquiryEntryDO.h" />
    <ClInclude Include="domain\do\PurOrder\PurOrderDO.h" />
    <ClInclude Include="domain\do\PurOrder\PurOrderEntryDO.h" />
    <ClInclude Include="domain\do\PurQuot\PurQuotDO.h" />
    <ClInclude Include="domain\do\PurQuot\PurQuotEntryDO.h" />
    <ClInclude Include="domain\do\PurReqEntry\PurReqEntryDO.h" />
    <ClInclude Include="domain\do\PurReq\PurReqDO.h" />
    <ClInclude Include="domain\dto\FileDTO.h" />
    <ClInclude Include="domain\dto\IDDTO.h" />
    <ClInclude Include="domain\dto\PaymentBillImpl\addPayApplyDTO.h" />
    <ClInclude Include="domain\dto\PaymentBillImpl\modPayApplyDTO.h" />
    <ClInclude Include="domain\dto\payment\AddPaymentDTO.h" />
    <ClInclude Include="domain\dto\payment\DePaymentDTO.h" />
    <ClInclude Include="domain\dto\payment\PaymentChangeDTO.h" />
    <ClInclude Include="domain\dto\payment\PaymentImportDTO.h" />
    <ClInclude Include="domain\dto\prepayment\DePayDTO.h" />
    <ClInclude Include="domain\dto\prepayment\PayIntoDTO.h" />
    <ClInclude Include="domain\dto\prepayment\PayModBillStatusDTO.h" />
    <ClInclude Include="domain\dto\prepayment\PrepaymentDTO.h" />
    <ClInclude Include="domain\dto\purOrder1\PurOrderDTO.h" />
    <ClInclude Include="domain\GlobalInclude.h" />
    <ClInclude Include="domain\query\PageQuery.h" />
    <ClInclude Include="domain\query\PaymentBillImpl\PaymentBillDetailQuery.h" />
    <ClInclude Include="domain\query\PaymentBillImpl\PaymentBillQuery.h" />
    <ClInclude Include="domain\query\prepaymentbill\PrepayBillQuery.h" />
    <ClInclude Include="domain\query\prepaymentbill\PrepayDetailBillQuery.h" />
    <ClInclude Include="domain\query\prepaymentbill\PrePayExportQuery.h" />
    <ClInclude Include="domain\query\PurCom\PurComEntryQuery.h" />
    <ClInclude Include="domain\query\PurCom\PurComQuery.h" />
    <ClInclude Include="domain\query\PurOrder\PurOrderQuery.h" />
    <ClInclude Include="domain\query\PurReq\PurReqQuery.h" />
    <ClInclude Include="domain\query\StatisQuery\ExeStatusQuery.h" />
    <ClInclude Include="domain\query\StatisQuery\StatisQuery.h" />
    <ClInclude Include="domain\vo\JsonVO.h" />
    <ClInclude Include="domain\vo\Message.h" />
    <ClInclude Include="domain\vo\PageVO.h" />
    <ClInclude Include="domain\vo\PaymentBillImpl\PaymentBillDetailVO.h" />
    <ClInclude Include="domain\vo\PaymentBillImpl\PaymentBillVO.h" />
    <ClInclude Include="domain\vo\payment\PaymentVO.h" />
    <ClInclude Include="domain\vo\prepaymentbill\PrepaymentBillVO.h" />
    <ClInclude Include="domain\vo\prepaymentbill\PrepaymentDetailBillVO.h" />
    <ClInclude Include="domain\vo\prepayment\PrepaymentVO.h" />
    <ClInclude Include="domain\vo\prepayment_req\PrepaymentExportVO.h" />
    <ClInclude Include="domain\vo\prepayment_req\PrepaymentIntoVO.h" />
    <ClInclude Include="domain\vo\PurCom\PurComEntryVO.h" />
    <ClInclude Include="domain\vo\PurCom\PurComVO.h" />
    <ClInclude Include="domain\vo\PurOrder\PurOrderVO.h" />
    <ClInclude Include="domain\vo\PurReq\PurReqVO.h" />
    <ClInclude Include="domain\vo\ResultStatus.h" />
    <ClInclude Include="domain\vo\StatisVO\ExeStatusVO.h" />
    <ClInclude Include="domain\vo\StatisVO\MaterialVO.h" />
    <ClInclude Include="domain\vo\StatisVO\StatisVO.h" />
    <ClInclude Include="Macros.h" />
    <ClInclude Include="ServerInfo.h" />
    <ClInclude Include="service\payment\PaymentService.h" />
    <ClInclude Include="service\prepayment\PrePayService.h" />
    <ClInclude Include="service\purCom\PurComService.h" />
    <ClInclude Include="service\purOrder\PurOrderService.h" />
    <ClInclude Include="service\purReq\PurReqService.h" />
    <ClInclude Include="stdafx.h" />
    <ClInclude Include="domain\dto\purOrder1\PurOrderEntryDTO.h" />
    <ClInclude Include="domain\vo\PurOrder\PurOrderDetailVO.h" />
    <ClInclude Include="domain\vo\PurOrder\PurOrderEntryVO.h" />
    <ClInclude Include="domain\vo\PurOrderSub\PurCompareEntryVO.h" />
    <ClInclude Include="domain\vo\PurOrderSub\PurCompareVO.h" />
    <ClInclude Include="domain\vo\PurOrderSub\PurInquiryEntryVO.h" />
    <ClInclude Include="domain\vo\PurOrderSub\PurInquiryVO.h" />
    <ClInclude Include="domain\vo\PurOrderSub\PurQuotEntryVO.h" />
    <ClInclude Include="domain\vo\PurOrderSub\PurQuotVO.h" />
    <ClInclude Include="domain\vo\PurOrderSub\PurReqEntryVO.h" />
    <ClInclude Include="dao\purReq\PurReqDAO.h" />
    <ClInclude Include="dao\purOrder\PurOrderEntryDAO.h" />
    <ClInclude Include="dao\purOrderSub\PurCompareEntryMapper.h" />
    <ClInclude Include="dao\purOrderSub\PurCompareMapper.h" />
    <ClInclude Include="dao\purOrderSub\PurInquiryEntryMapper.h" />
    <ClInclude Include="dao\purOrderSub\PurInquiryMapper.h" />
    <ClInclude Include="dao\purOrderSub\PurOrderEntryMapper.h" />
    <ClInclude Include="dao\purOrderSub\PurQuotEntryMapper.h" />
    <ClInclude Include="dao\purOrderSub\PurQuotMapper.h" />
    <ClInclude Include="dao\purOrderSub\PurReqEntryMapper.h" />
    <ClInclude Include="dao\purOrderSub\PurReqMapper.h" />
    <ClInclude Include="domain\dto\prepayment\AddPayDetailDTO.h" />
    <ClInclude Include="domain\dto\prepayment\AddPayDTO.h" />
    <ClInclude Include="api\finPaymenReq\FinPaymentReqController.h" />
    <ClInclude Include="domain\dto\finPaymentReq\addPaymentReqDTO.h" />
    <ClInclude Include="domain\dto\finPaymentReq\finPaymentReqEntryDTO.h" />
    <ClInclude Include="domain\dto\finPaymentReq\modPyamentReqDTO.h" />
    <ClInclude Include="domain\vo\finPaymentReq\finPaymentDetailVO.h" />
    <ClInclude Include="domain\vo\finPaymentReq\finPaymentReqEntryVO.h" />
    <ClInclude Include="domain\vo\finPaymentReq\finPaymentReqVO.h" />
    <ClInclude Include="domain\query\finPaymentReq\finPaymentReqEntryQuery.h" />
    <ClInclude Include="domain\query\finPaymentReq\finPaymentReqQuery.h" />
    <ClInclude Include="service\finPaymentReq\FinPyamentReqService.h" />
    <ClInclude Include="dao\finPaymentReq\FinPaymentReqBillMapper.h" />
    <ClInclude Include="dao\finPaymentReq\FinPaymentReqDAO.h" />
    <ClInclude Include="dao\finPaymentReq\FinPaymentReqEntryBIllMapper.h" />
    <ClInclude Include="dao\finPaymentReq\FinPaymentReqEntryMapper.h" />
    <ClInclude Include="dao\finPaymentReq\FinPaymentReqMapper.h" />
    <ClInclude Include="domain\do\FinPaymentReq\FinPaymentReqEntryDO.h" />
    <ClInclude Include="domain\do\FinPaymentReq\FinPaymentReqEntryManageDO.h" />
    <ClInclude Include="domain\do\FinPaymentReq\FinPaymentReqManageDO.h" />
    <ClInclude Include="domain\do\FinPaymentReq\FinPaymentReqDO.h" />
    <ClInclude Include="uselib\jwt\TestToken.h" />
    <ClInclude Include="domain\do\prepayment\PrepaymentEntryDO.h" />
    <ClInclude Include="domain\vo\prepaymentbill\PrepaymentDetailEntryBillVO.h" />
  </ItemGroup>
</Project>