<?xml version="1.0" encoding="utf-8"?>
<Project ToolsVersion="4.0" xmlns="http://schemas.microsoft.com/developer/msbuild/2003">
  <ItemGroup>
    <ClCompile Include="api\Aspect.cpp" />
    <ClCompile Include="api\PaymentBillImpl\PayApplyControlle.cpp" />
    <ClCompile Include="api\payment\PaymentController.cpp" />
    <ClCompile Include="api\prepayment\PrePayController.cpp" />
    <ClCompile Include="api\PueReq\PurReqController.cpp" />
    <ClCompile Include="api\PurCom\PurComController.cpp" />
    <ClCompile Include="api\PurOrder\PurOrderController.cpp" />
    <ClCompile Include="api\Router.cpp" />
    <ClCompile Include="dao\payment\PaymentDAO.cpp" />
    <ClCompile Include="dao\prepayment\PrepaymentDAO.cpp" />
    <ClCompile Include="dao\PurCom\PurComDAO.cpp" />
    <ClCompile Include="dao\PurOrder\PurOrderDAO.cpp" />
    <ClCompile Include="dao\PurQuot\PurQuotDAO.cpp" />
    <ClCompile Include="domain\dto\payment\AddPaymentDTO.cpp" />
    <ClCompile Include="domain\dto\payment\DePaymentDTO.cpp" />
    <ClCompile Include="domain\dto\payment\PaymentChangeDTO.cpp" />
    <ClCompile Include="domain\dto\prepayment\AddPayDTO.cpp" />
    <ClCompile Include="domain\dto\prepayment\DePayDTO.cpp" />
    <ClCompile Include="domain\dto\prepayment\PayModBillStatusDTO.cpp" />
    <ClCompile Include="domain\dto\prepayment\PrepaymentDTO.cpp" />
    <ClCompile Include="domain\dto\PurOrder\PurOrderDTO.cpp" />
    <ClCompile Include="domain\vo\ResultStatus.cpp" />
    <ClCompile Include="main.cpp" />
    <ClCompile Include="service\Payment\PaymentService.cpp" />
    <ClCompile Include="service\prepayment\PrePayService.cpp" />
    <ClCompile Include="service\PurCom\PurComService.cpp" />
    <ClCompile Include="service\PurOrder\PurOrderService.cpp" />
    <ClCompile Include="service\PurReq\PurReqService.cpp" />
    <ClCompile Include="stdafx.cpp" />
  </ItemGroup>
  <ItemGroup>
    <ClInclude Include="api\PaymentBillImpl\PayApplyControlle.h" />
    <ClInclude Include="api\payment\PaymentController.h" />
    <ClInclude Include="api\prepayment\PrePayController.h" />
    <ClInclude Include="api\PueReq\PurReqController.h" />
    <ClInclude Include="api\PurCom\PurComController.h" />
    <ClInclude Include="api\PurOrder\PurOrderController.h" />
    <ClInclude Include="api\Router.h" />
    <ClInclude Include="api\statis\StatisController.h" />
    <ClInclude Include="dao\DoInclude.h" />
    <ClInclude Include="dao\payment\PaymentDAO.h" />
    <ClInclude Include="dao\payment\PaymentMapper.h" />
    <ClInclude Include="dao\prepayment\PrepaymentDAO.h" />
    <ClInclude Include="dao\prepayment\PrepaymentDetailMapper.h" />
    <ClInclude Include="dao\prepayment\PrepaymentMapper.h" />
    <ClInclude Include="dao\PurCom\PurComDAO.h" />
    <ClInclude Include="dao\PurCom\PurComMapper.h" />
    <ClInclude Include="dao\PurOrder\PurOrderDAO.h" />
    <ClInclude Include="dao\PurOrder\PurOrderMapper.h" />
    <ClInclude Include="dao\PurQuot\PurQuotDAO.h" />
    <ClInclude Include="dao\PurQuot\PurQuotMapper.h" />
    <ClInclude Include="domain\do\DoInclude.h" />
    <ClInclude Include="domain\do\FinPaymentReq\FinPaymentReq.h" />
    <ClInclude Include="domain\do\FinPayReq\FinPayReqDO.h" />
    <ClInclude Include="domain\do\prepayment\PrepaymentDetailDO.h" />
    <ClInclude Include="domain\do\prepayment\PrepaymentDO.h" />
    <ClInclude Include="domain\do\PurCompare\PurCompare.h" />
    <ClInclude Include="domain\do\PurCom\PurComDO.h" />
    <ClInclude Include="domain\do\PurCom\PurComEntryDO.h" />
    <ClInclude Include="domain\do\PurInquiry\PurInquiryDO.h" />
    <ClInclude Include="domain\do\PurInquiry\PurInquiryEntryDO.h" />
    <ClInclude Include="domain\do\PurOrder\PurOrderDO.h" />
    <ClInclude Include="domain\do\PurOrder\PurOrderEntryDO.h" />
    <ClInclude Include="domain\do\PurQuot\PurQuotDO.h" />
    <ClInclude Include="domain\do\PurQuot\PurQuotEntryDO.h" />
    <ClInclude Include="domain\do\PurReqEntry\PurReqEntryDO.h" />
    <ClInclude Include="domain\do\PurReq\PurReqDO.h" />
    <ClInclude Include="domain\dto\FileDTO.h" />
    <ClInclude Include="domain\dto\IDDTO.h" />
    <ClInclude Include="domain\dto\PaymentBillImpl\addPayApplyDTO.h" />
    <ClInclude Include="domain\dto\PaymentBillImpl\modPayApplyDTO.h" />
    <ClInclude Include="domain\dto\payment\AddPaymentDTO.h" />
    <ClInclude Include="domain\dto\payment\DePaymentDTO.h" />
    <ClInclude Include="domain\dto\payment\PaymentChangeDTO.h" />
    <ClInclude Include="domain\dto\payment\PaymentImportDTO.h" />
    <ClInclude Include="domain\dto\prepayment\AddPayDTO.h" />
    <ClInclude Include="domain\dto\prepayment\DePayDTO.h" />
    <ClInclude Include="domain\dto\prepayment\PayIntoDTO.h" />
    <ClInclude Include="domain\dto\prepayment\PayModBillStatusDTO.h" />
    <ClInclude Include="domain\dto\prepayment\PrepaymentDTO.h" />
    <ClInclude Include="domain\dto\PurOrder\PurOrderDTO.h" />
    <ClInclude Include="domain\GlobalInclude.h" />
    <ClInclude Include="domain\query\PageQuery.h" />
    <ClInclude Include="domain\query\PaymentBillImpl\PaymentBillDetailQuery.h" />
    <ClInclude Include="domain\query\PaymentBillImpl\PaymentBillQuery.h" />
    <ClInclude Include="domain\query\prepaymentbill\PrepayBillQuery.h" />
    <ClInclude Include="domain\query\prepaymentbill\PrepayDetailBillQuery.h" />
    <ClInclude Include="domain\query\prepaymentbill\PrePayExportQuery.h" />
    <ClInclude Include="domain\query\PurCom\PurComEntryQuery.h" />
    <ClInclude Include="domain\query\PurCom\PurComQuery.h" />
    <ClInclude Include="domain\query\PurOrder\PurOrderQuery.h" />
    <ClInclude Include="domain\query\PurReq\PurReqQuery.h" />
    <ClInclude Include="domain\query\StatisQuery\ExeStatusQuery.h" />
    <ClInclude Include="domain\query\StatisQuery\StatisQuery.h" />
    <ClInclude Include="domain\vo\JsonVO.h" />
    <ClInclude Include="domain\vo\Message.h" />
    <ClInclude Include="domain\vo\PageVO.h" />
    <ClInclude Include="domain\vo\PaymentBillImpl\PaymentBillDetailVO.h" />
    <ClInclude Include="domain\vo\PaymentBillImpl\PaymentBillVO.h" />
    <ClInclude Include="domain\vo\payment\PaymentVO.h" />
    <ClInclude Include="domain\vo\prepaymentbill\PrepaymentBillVO.h" />
    <ClInclude Include="domain\vo\prepaymentbill\PrepaymentDetailBillVO.h" />
    <ClInclude Include="domain\vo\prepayment\PrepaymentVO.h" />
    <ClInclude Include="domain\vo\prepayment_req\PrepaymentExportVO.h" />
    <ClInclude Include="domain\vo\prepayment_req\PrepaymentIntoVO.h" />
    <ClInclude Include="domain\vo\PurCom\PurComEntryVO.h" />
    <ClInclude Include="domain\vo\PurCom\PurComVO.h" />
    <ClInclude Include="domain\vo\PurOrder\PurOrderVO.h" />
    <ClInclude Include="domain\vo\PurReq\PurReqVO.h" />
    <ClInclude Include="domain\vo\ResultStatus.h" />
    <ClInclude Include="domain\vo\StatisVO\ExeStatusVO.h" />
    <ClInclude Include="domain\vo\StatisVO\MaterialVO.h" />
    <ClInclude Include="domain\vo\StatisVO\StatisVO.h" />
    <ClInclude Include="Macros.h" />
    <ClInclude Include="ServerInfo.h" />
    <ClInclude Include="service\Payment\PaymentService.h" />
    <ClInclude Include="service\prepayment\PrePayService.h" />
    <ClInclude Include="service\PurCom\PurComService.h" />
    <ClInclude Include="service\PurOrder\PurOrderService.h" />
    <ClInclude Include="service\PurReq\PurReqService.h" />
    <ClInclude Include="stdafx.h" />
  </ItemGroup>
</Project>