<?xml version="1.0" encoding="utf-8"?>
<Project ToolsVersion="4.0" xmlns="http://schemas.microsoft.com/developer/msbuild/2003">
  <ItemGroup>
    <Filter Include="源文件">
      <UniqueIdentifier>{4FC737F1-C7A5-4376-A066-2A32D752A2FF}</UniqueIdentifier>
      <Extensions>cpp;c;cc;cxx;c++;cppm;ixx;def;odl;idl;hpj;bat;asm;asmx</Extensions>
    </Filter>
    <Filter Include="头文件">
      <UniqueIdentifier>{93995380-89BD-4b04-88EB-625FBE52EBFB}</UniqueIdentifier>
      <Extensions>h;hh;hpp;hxx;h++;hm;inl;inc;ipp;xsd</Extensions>
    </Filter>
    <Filter Include="资源文件">
      <UniqueIdentifier>{67DA6AB6-F800-4c08-8B7A-83BB121AAD01}</UniqueIdentifier>
      <Extensions>rc;ico;cur;bmp;dlg;rc2;rct;bin;rgs;gif;jpg;jpeg;jpe;resx;tiff;tif;png;wav;mfcribbon-ms</Extensions>
    </Filter>
  </ItemGroup>
  <ItemGroup>
    <ClCompile Include="api\Aspect.cpp">
      <Filter>源文件</Filter>
    </ClCompile>
    <ClCompile Include="api\Router.cpp">
      <Filter>源文件</Filter>
    </ClCompile>
    <ClCompile Include="domain\vo\ResultStatus.cpp">
      <Filter>源文件</Filter>
    </ClCompile>
    <ClCompile Include="main.cpp">
      <Filter>源文件</Filter>
    </ClCompile>
    <ClCompile Include="stdafx.cpp">
      <Filter>源文件</Filter>
    </ClCompile>
    <ClCompile Include="api\Cgrk\CgrkController.cpp">
      <Filter>源文件</Filter>
    </ClCompile>
    <ClCompile Include="domain\dto\Cgrk\AddCgrkBillDTO.cpp">
      <Filter>源文件</Filter>
    </ClCompile>
    <ClCompile Include="domain\dto\Cgrk\ModifyCgrkBillDTO.cpp">
      <Filter>源文件</Filter>
    </ClCompile>
    <ClCompile Include="api\Zdrk\ZdrkController.cpp">
      <Filter>源文件</Filter>
    </ClCompile>
    <ClCompile Include="domain\dto\Zdrk\AddZdrkBillDTO.cpp">
      <Filter>源文件</Filter>
    </ClCompile>
    <ClCompile Include="domain\dto\Zdrk\DocFileDTO.cpp">
      <Filter>源文件</Filter>
    </ClCompile>
    <ClCompile Include="domain\dto\Zdrk\ModifyZdrkBillDTO.cpp">
      <Filter>源文件</Filter>
    </ClCompile>
    <ClCompile Include="domain\dto\Cgrk\CgrkBillEntryDTO.cpp">
      <Filter>源文件</Filter>
    </ClCompile>
    <ClCompile Include="api\Cgthck\CgthckController.cpp">
      <Filter>源文件</Filter>
    </ClCompile>
    <ClCompile Include="domain\dto\Qtrk\AddQtrkBillDTO.cpp">
      <Filter>源文件</Filter>
    </ClCompile>
    <ClCompile Include="domain\dto\Qtrk\DeleteQtrkBillDTO.cpp">
      <Filter>源文件</Filter>
    </ClCompile>
    <ClCompile Include="domain\dto\Qtrk\ModifyQtrkBillDTO.cpp">
      <Filter>源文件</Filter>
    </ClCompile>
    <ClCompile Include="domain\dto\Qtrk\QueryQtrkBillDetailsDTO.cpp">
      <Filter>源文件</Filter>
    </ClCompile>
    <ClCompile Include="domain\dto\Qtrk\QueryQtrkBillListDTO.cpp">
      <Filter>源文件</Filter>
    </ClCompile>
    <ClCompile Include="api\Qtrk\QtrkController.cpp">
      <Filter>源文件</Filter>
    </ClCompile>
    <ClCompile Include="api\Pyrk\PyrkController.cpp">
      <Filter>源文件</Filter>
    </ClCompile>
    <ClCompile Include="domain\dto\Pyrk\PyrkBillDetailDTO.cpp">
      <Filter>源文件</Filter>
    </ClCompile>
    <ClCompile Include="domain\query\Pyrk\QueryPyrkBillListQuery.cpp">
      <Filter>源文件</Filter>
    </ClCompile>
  </ItemGroup>
  <ItemGroup>
    <ClInclude Include="api\Router.h">
      <Filter>头文件</Filter>
    </ClInclude>
    <ClInclude Include="domain\do\DoInclude.h">
      <Filter>头文件</Filter>
    </ClInclude>
    <ClInclude Include="domain\dto\FileDTO.h">
      <Filter>头文件</Filter>
    </ClInclude>
    <ClInclude Include="domain\dto\IDDTO.h">
      <Filter>头文件</Filter>
    </ClInclude>
    <ClInclude Include="domain\query\PageQuery.h">
      <Filter>头文件</Filter>
    </ClInclude>
    <ClInclude Include="domain\vo\JsonVO.h">
      <Filter>头文件</Filter>
    </ClInclude>
    <ClInclude Include="domain\vo\Message.h">
      <Filter>头文件</Filter>
    </ClInclude>
    <ClInclude Include="domain\vo\PageVO.h">
      <Filter>头文件</Filter>
    </ClInclude>
    <ClInclude Include="domain\vo\ResultStatus.h">
      <Filter>头文件</Filter>
    </ClInclude>
    <ClInclude Include="domain\GlobalInclude.h">
      <Filter>头文件</Filter>
    </ClInclude>
    <ClInclude Include="Macros.h">
      <Filter>头文件</Filter>
    </ClInclude>
    <ClInclude Include="ServerInfo.h">
      <Filter>头文件</Filter>
    </ClInclude>
    <ClInclude Include="stdafx.h">
      <Filter>头文件</Filter>
    </ClInclude>
    <ClInclude Include="domain\vo\Cgrk\QueryCgrkBillListVO.h">
      <Filter>头文件</Filter>
    </ClInclude>
    <ClInclude Include="api\Cgrk\CgrkController.h">
      <Filter>头文件</Filter>
    </ClInclude>
    <ClInclude Include="domain\query\Cgrk\QueryCgrkBillListQuery.h">
      <Filter>头文件</Filter>
    </ClInclude>
    <ClInclude Include="domain\query\Cgrk\QueryCgrkBillListAdvancedQuery.h">
      <Filter>头文件</Filter>
    </ClInclude>
    <ClInclude Include="domain\query\Cgrk\QueryCgrkBillDetailsQuery.h">
      <Filter>头文件</Filter>
    </ClInclude>
    <ClInclude Include="domain\vo\Cgrk\QueryCgrkBillDetailsVO.h">
      <Filter>头文件</Filter>
    </ClInclude>
    <ClInclude Include="domain\dto\Cgrk\AddCgrkBillDTO.h">
      <Filter>头文件</Filter>
    </ClInclude>
    <ClInclude Include="domain\dto\Cgrk\RemoveCgrkBillDTO.h">
      <Filter>头文件</Filter>
    </ClInclude>
    <ClInclude Include="domain\dto\Cgrk\ModifyCgrkBillStateDTO.h">
      <Filter>头文件</Filter>
    </ClInclude>
    <ClInclude Include="domain\dto\Cgrk\ModifyCgrkBillDTO.h">
      <Filter>头文件</Filter>
    </ClInclude>
    <ClInclude Include="domain\query\Cgrk\QueryPurOrderListQuery.h">
      <Filter>头文件</Filter>
    </ClInclude>
    <ClInclude Include="domain\vo\Cgrk\QueryPurOrderListVO.h">
      <Filter>头文件</Filter>
    </ClInclude>
    <ClInclude Include="domain\dto\Cgrk\ImportCgrkFileDTO.h">
      <Filter>头文件</Filter>
    </ClInclude>
    <ClInclude Include="domain\query\Cgrk\QueryPurOrderEntryQuery.h">
      <Filter>头文件</Filter>
    </ClInclude>
    <ClInclude Include="domain\vo\Cgrk\QueryPurOrderEntryVO.h">
      <Filter>头文件</Filter>
    </ClInclude>
    <ClInclude Include="api\Zdrk\ZdrkController.h">
      <Filter>头文件</Filter>
    </ClInclude>
    <ClInclude Include="domain\dto\Zdrk\AddZdrkBillDTO.h">
      <Filter>头文件</Filter>
    </ClInclude>
    <ClInclude Include="domain\dto\Zdrk\DocFileDTO.h">
      <Filter>头文件</Filter>
    </ClInclude>
    <ClInclude Include="domain\dto\Zdrk\ImportZdrkFileDTO.h">
      <Filter>头文件</Filter>
    </ClInclude>
    <ClInclude Include="domain\dto\Zdrk\ModifyZdrkBillDTO.h">
      <Filter>头文件</Filter>
    </ClInclude>
    <ClInclude Include="domain\dto\Zdrk\ModifyZdrkBillStateDTO.h">
      <Filter>头文件</Filter>
    </ClInclude>
    <ClInclude Include="domain\query\Zdrk\QueryZdrkBillListQuery.h">
      <Filter>头文件</Filter>
    </ClInclude>
    <ClInclude Include="domain\query\Zdrk\QueryZdrkDBillDetailsQuery.h">
      <Filter>头文件</Filter>
    </ClInclude>
    <ClInclude Include="domain\vo\Zdrk\QueryZdrkBillDetailsVO.h">
      <Filter>头文件</Filter>
    </ClInclude>
    <ClInclude Include="domain\vo\Zdrk\QueryZdrkBillListVO.h">
      <Filter>头文件</Filter>
    </ClInclude>
    <ClInclude Include="domain\vo\Cgrk\CgrkBillEntryVO.h">
      <Filter>头文件</Filter>
    </ClInclude>
    <ClInclude Include="domain\dto\Cgrk\CgrkBillEntryDTO.h">
      <Filter>头文件</Filter>
    </ClInclude>
    <ClInclude Include="domain\query\Cgrk\QueryCgrkBillConditionsQuery.h">
      <Filter>头文件</Filter>
    </ClInclude>
    <ClInclude Include="api\Cgthck\CgthckController.h">
      <Filter>头文件</Filter>
    </ClInclude>
    <ClInclude Include="domain\do\Cgthck\CgthckDO.h">
      <Filter>头文件</Filter>
    </ClInclude>
    <ClInclude Include="domain\do\Zdrk\QueryZdrkBillDO.h">
      <Filter>头文件</Filter>
    </ClInclude>
    <ClInclude Include="domain\do\Zdrk\QueryZdrkBillListDO.h">
      <Filter>头文件</Filter>
    </ClInclude>
    <ClInclude Include="domain\dto\Cgthck\AddCgthckBillDTO.h">
      <Filter>头文件</Filter>
    </ClInclude>
    <ClInclude Include="domain\dto\Cgthck\DeleteCgthckBillDTO.h">
      <Filter>头文件</Filter>
    </ClInclude>
    <ClInclude Include="domain\dto\Cgthck\ExportCgthckFileDTO.h">
      <Filter>头文件</Filter>
    </ClInclude>
    <ClInclude Include="domain\dto\Cgthck\ImportCgthckFileDTO.h">
      <Filter>头文件</Filter>
    </ClInclude>
    <ClInclude Include="domain\dto\Cgthck\ModifyCgthckBillDTO.h">
      <Filter>头文件</Filter>
    </ClInclude>
    <ClInclude Include="domain\query\Cgthck\QueryCgthckBillQuery.h">
      <Filter>头文件</Filter>
    </ClInclude>
    <ClInclude Include="domain\vo\Cgthck\QueryCgthckBillVO.h">
      <Filter>头文件</Filter>
    </ClInclude>
    <ClInclude Include="domain\dto\Qtrk\AddQtrkBillDTO.h">
      <Filter>头文件</Filter>
    </ClInclude>
    <ClInclude Include="domain\dto\Qtrk\DeleteQtrkBillDTO.h">
      <Filter>头文件</Filter>
    </ClInclude>
    <ClInclude Include="domain\dto\Qtrk\ExportQtrkFileDTO.h">
      <Filter>头文件</Filter>
    </ClInclude>
    <ClInclude Include="domain\dto\Qtrk\ImportQtrkFileDTO.h">
      <Filter>头文件</Filter>
    </ClInclude>
    <ClInclude Include="domain\dto\Qtrk\ModifyQtrkBillDTO.h">
      <Filter>头文件</Filter>
    </ClInclude>
    <ClInclude Include="domain\dto\Qtrk\QueryQtrkBillDetailsDTO.h">
      <Filter>头文件</Filter>
    </ClInclude>
    <ClInclude Include="domain\dto\Qtrk\QueryQtrkBillListDTO.h">
      <Filter>头文件</Filter>
    </ClInclude>
    <ClInclude Include="domain\do\Qtrk\QueryBillListDO.h">
      <Filter>头文件</Filter>
    </ClInclude>
    <ClInclude Include="domain\do\Qtrk\QueryDetailMessageDO.h">
      <Filter>头文件</Filter>
    </ClInclude>
    <ClInclude Include="domain\query\Qtrk\QueryQtrkBillDetailsQuery.h">
      <Filter>头文件</Filter>
    </ClInclude>
    <ClInclude Include="domain\query\Qtrk\QueryQtrkBillListQuery.h">
      <Filter>头文件</Filter>
    </ClInclude>
    <ClInclude Include="domain\vo\Qtrk\ExportQtrkFileVO.h">
      <Filter>头文件</Filter>
    </ClInclude>
    <ClInclude Include="domain\vo\Qtrk\ImportQtrkFileVO.h">
      <Filter>头文件</Filter>
    </ClInclude>
    <ClInclude Include="domain\vo\Qtrk\QueryQtrkBillDetailsVO.h">
      <Filter>头文件</Filter>
    </ClInclude>
    <ClInclude Include="domain\vo\Qtrk\QueryQtrkBillListVO.h">
      <Filter>头文件</Filter>
    </ClInclude>
    <ClInclude Include="api\Qtrk\QtrkController.h">
      <Filter>头文件</Filter>
    </ClInclude>
    <ClInclude Include="api\Pyrk\PyrkController.h">
      <Filter>头文件</Filter>
    </ClInclude>
    <ClInclude Include="domain\do\Pyrk\QueryPyrkBillListDo.h">
      <Filter>头文件</Filter>
    </ClInclude>
    <ClInclude Include="domain\dto\Pyrk\PyrkBillDetailDTO.h">
      <Filter>头文件</Filter>
    </ClInclude>
    <ClInclude Include="domain\query\Pyrk\QueryPyrkBillListQuery.h">
      <Filter>头文件</Filter>
    </ClInclude>
    <ClInclude Include="domain\vo\Pyrk\DetailedMessage.h">
      <Filter>头文件</Filter>
    </ClInclude>
    <ClInclude Include="domain\vo\Pyrk\QueryPyrkBillListVO.h">
      <Filter>头文件</Filter>
    </ClInclude>
    <ClInclude Include="domain\vo\Pyrk\QueryPyrkDetailedBillVO.h">
      <Filter>头文件</Filter>
    </ClInclude>
  </ItemGroup>
</Project>