<?xml version="1.0" encoding="utf-8"?>
<Project ToolsVersion="4.0" xmlns="http://schemas.microsoft.com/developer/msbuild/2003">
  <ItemGroup>
    <Filter Include="源文件">
      <UniqueIdentifier>{4FC737F1-C7A5-4376-A066-2A32D752A2FF}</UniqueIdentifier>
      <Extensions>cpp;c;cc;cxx;c++;cppm;ixx;def;odl;idl;hpj;bat;asm;asmx</Extensions>
    </Filter>
    <Filter Include="头文件">
      <UniqueIdentifier>{93995380-89BD-4b04-88EB-625FBE52EBFB}</UniqueIdentifier>
      <Extensions>h;hh;hpp;hxx;h++;hm;inl;inc;ipp;xsd</Extensions>
    </Filter>
    <Filter Include="资源文件">
      <UniqueIdentifier>{67DA6AB6-F800-4c08-8B7A-83BB121AAD01}</UniqueIdentifier>
      <Extensions>rc;ico;cur;bmp;dlg;rc2;rct;bin;rgs;gif;jpg;jpeg;jpe;resx;tiff;tif;png;wav;mfcribbon-ms</Extensions>
    </Filter>
  </ItemGroup>
  <ItemGroup>
    <ClInclude Include="stdafx.h">
      <Filter>头文件</Filter>
    </ClInclude>
    <ClInclude Include="api\Router.h">
      <Filter>头文件</Filter>
    </ClInclude>
    <ClInclude Include="ServerInfo.h">
      <Filter>头文件</Filter>
    </ClInclude>
    <ClInclude Include="Macros.h">
      <Filter>头文件</Filter>
    </ClInclude>
    <ClInclude Include="domain\do\DoInclude.h">
      <Filter>头文件</Filter>
    </ClInclude>
    <ClInclude Include="domain\dto\FileDTO.h">
      <Filter>头文件</Filter>
    </ClInclude>
    <ClInclude Include="domain\dto\IDDTO.h">
      <Filter>头文件</Filter>
    </ClInclude>
    <ClInclude Include="domain\query\PageQuery.h">
      <Filter>头文件</Filter>
    </ClInclude>
    <ClInclude Include="domain\vo\JsonVO.h">
      <Filter>头文件</Filter>
    </ClInclude>
    <ClInclude Include="domain\vo\Message.h">
      <Filter>头文件</Filter>
    </ClInclude>
    <ClInclude Include="domain\vo\PageVO.h">
      <Filter>头文件</Filter>
    </ClInclude>
    <ClInclude Include="domain\vo\ResultStatus.h">
      <Filter>头文件</Filter>
    </ClInclude>
    <ClInclude Include="domain\GlobalInclude.h">
      <Filter>头文件</Filter>
    </ClInclude>
    <ClInclude Include="service\pur-inquiry\PurInquiryService.h">
      <Filter>头文件</Filter>
    </ClInclude>
    <ClInclude Include="service\pur-req\PurReqService.h">
      <Filter>头文件</Filter>
    </ClInclude>
    <ClInclude Include="api\pur-quot\PurQuotController.h">
      <Filter>头文件</Filter>
    </ClInclude>
    <ClInclude Include="domain\dto\pur-quot\AddPurQuotDTO.h">
      <Filter>头文件</Filter>
    </ClInclude>
    <ClInclude Include="domain\dto\pur-quot\DelPurQuotDTO.h">
      <Filter>头文件</Filter>
    </ClInclude>
    <ClInclude Include="domain\dto\pur-quot\ModPurQuotDTO.h">
      <Filter>头文件</Filter>
    </ClInclude>
    <ClInclude Include="domain\dto\pur-quot\PurQuotIntoDTO.h">
      <Filter>头文件</Filter>
    </ClInclude>
    <ClInclude Include="domain\dto\pur-quot\PurQuotModBillStatusDTO.h">
      <Filter>头文件</Filter>
    </ClInclude>
    <ClInclude Include="domain\query\pur-quot\PurQuotDividedListQuery.h">
      <Filter>头文件</Filter>
    </ClInclude>
    <ClInclude Include="domain\query\pur-quot\PurQuotExportQuery.h">
      <Filter>头文件</Filter>
    </ClInclude>
    <ClInclude Include="domain\query\pur-quot\PurQuotFindBillQuery.h">
      <Filter>头文件</Filter>
    </ClInclude>
    <ClInclude Include="domain\query\pur-quot\PurQuotFindDetailBillQuery.h">
      <Filter>头文件</Filter>
    </ClInclude>
    <ClInclude Include="domain\query\pur-quot\PurQuotListQuery.h">
      <Filter>头文件</Filter>
    </ClInclude>
    <ClInclude Include="domain\vo\pur-quot\PurQuotExportVO.h">
      <Filter>头文件</Filter>
    </ClInclude>
    <ClInclude Include="domain\vo\pur-quot\PurQuotFindBillVO.h">
      <Filter>头文件</Filter>
    </ClInclude>
    <ClInclude Include="domain\vo\pur-quot\PurQuotFindDetailBillVO.h">
      <Filter>头文件</Filter>
    </ClInclude>
    <ClInclude Include="domain\vo\pur-quot\PurQuotListVO.h">
      <Filter>头文件</Filter>
    </ClInclude>
    <ClInclude Include="domain\vo\pur-quot\PurQuotDividedListVO.h">
      <Filter>头文件</Filter>
    </ClInclude>
    <ClInclude Include="domain\vo\pur-quot\PurQuotIntoVO.h">
      <Filter>头文件</Filter>
    </ClInclude>
    <ClInclude Include="service\pur-quot\PurQuotService.h">
      <Filter>头文件</Filter>
    </ClInclude>
    <ClInclude Include="domain\do\pur-quot\PurQuotFindBillDO.h">
      <Filter>头文件</Filter>
    </ClInclude>
    <ClInclude Include="dao\pur-quot\PurQuotDAO.h">
      <Filter>头文件</Filter>
    </ClInclude>
    <ClInclude Include="dao\pur-quot\PurQuotMapper.h">
      <Filter>头文件</Filter>
    </ClInclude>
  </ItemGroup>
  <ItemGroup>
    <ClCompile Include="api\Aspect.cpp">
      <Filter>源文件</Filter>
    </ClCompile>
    <ClCompile Include="api\Router.cpp">
      <Filter>源文件</Filter>
    </ClCompile>
    <ClCompile Include="stdafx.cpp">
      <Filter>源文件</Filter>
    </ClCompile>
    <ClCompile Include="main.cpp">
      <Filter>源文件</Filter>
    </ClCompile>
    <ClCompile Include="domain\vo\ResultStatus.cpp">
      <Filter>源文件</Filter>
    </ClCompile>
    <ClCompile Include="service\pur-inquiry\PurInquiryService.cpp">
      <Filter>源文件</Filter>
    </ClCompile>
    <ClCompile Include="service\pur-req\PurReqService.cpp">
      <Filter>源文件</Filter>
    </ClCompile>
    <ClCompile Include="api\pur-quot\PurQuotController.cpp">
      <Filter>源文件</Filter>
    </ClCompile>
    <ClCompile Include="service\pur-quot\PurQuotService.cpp">
      <Filter>源文件</Filter>
    </ClCompile>
    <ClCompile Include="dao\pur-quot\PurQuotDAO.cpp">
      <Filter>源文件</Filter>
    </ClCompile>
  </ItemGroup>
</Project>